
Microsoft Visual Studio Solution File, Format Version 12.00
# Visual Studio 15
VisualStudioVersion = 15.0.26124.0
MinimumVisualStudioVersion = 15.0.26124.0
Project("{2150E333-8FDC-42A3-9474-1A3956D46DE8}") = "Source", "Source", "{98EDF8E8-355B-4A85-8969-18A6223D212B}"
EndProject
Project("{FAE04EC0-301F-11D3-BF4B-00C04F79EFBC}") = "Applications.CSharp", "Source\Applications.CSharp\Applications.CSharp.csproj", "{B2743D19-4E7F-4BC3-A59C-64C0C018FD89}"
EndProject
Project("{FAE04EC0-301F-11D3-BF4B-00C04F79EFBC}") = "Events.Relativity.CSharp", "Source\Events.Relativity.CSharp\Events.Relativity.CSharp.csproj", "{0045D932-3E73-4ED6-8513-EBDF7B307BF5}"
EndProject
Global
	GlobalSection(SolutionConfigurationPlatforms) = preSolution
		Debug|Any CPU = Debug|Any CPU
		Debug|x64 = Debug|x64
		Debug|x86 = Debug|x86
		Release|Any CPU = Release|Any CPU
		Release|x64 = Release|x64
		Release|x86 = Release|x86
	EndGlobalSection
	GlobalSection(SolutionProperties) = preSolution
		HideSolutionNode = FALSE
	EndGlobalSection
	GlobalSection(ProjectConfigurationPlatforms) = postSolution
		{B2743D19-4E7F-4BC3-A59C-64C0C018FD89}.Debug|Any CPU.ActiveCfg = Debug|Any CPU
		{B2743D19-4E7F-4BC3-A59C-64C0C018FD89}.Debug|Any CPU.Build.0 = Debug|Any CPU
		{B2743D19-4E7F-4BC3-A59C-64C0C018FD89}.Debug|x64.ActiveCfg = Debug|Any CPU
		{B2743D19-4E7F-4BC3-A59C-64C0C018FD89}.Debug|x64.Build.0 = Debug|Any CPU
		{B2743D19-4E7F-4BC3-A59C-64C0C018FD89}.Debug|x86.ActiveCfg = Debug|Any CPU
		{B2743D19-4E7F-4BC3-A59C-64C0C018FD89}.Debug|x86.Build.0 = Debug|Any CPU
		{B2743D19-4E7F-4BC3-A59C-64C0C018FD89}.Release|Any CPU.ActiveCfg = Release|Any CPU
		{B2743D19-4E7F-4BC3-A59C-64C0C018FD89}.Release|Any CPU.Build.0 = Release|Any CPU
		{B2743D19-4E7F-4BC3-A59C-64C0C018FD89}.Release|x64.ActiveCfg = Release|Any CPU
		{B2743D19-4E7F-4BC3-A59C-64C0C018FD89}.Release|x64.Build.0 = Release|Any CPU
		{B2743D19-4E7F-4BC3-A59C-64C0C018FD89}.Release|x86.ActiveCfg = Release|Any CPU
		{B2743D19-4E7F-4BC3-A59C-64C0C018FD89}.Release|x86.Build.0 = Release|Any CPU
		{0045D932-3E73-4ED6-8513-EBDF7B307BF5}.Debug|Any CPU.ActiveCfg = Debug|Any CPU
		{0045D932-3E73-4ED6-8513-EBDF7B307BF5}.Debug|Any CPU.Build.0 = Debug|Any CPU
		{0045D932-3E73-4ED6-8513-EBDF7B307BF5}.Debug|x64.ActiveCfg = Debug|Any CPU
		{0045D932-3E73-4ED6-8513-EBDF7B307BF5}.Debug|x64.Build.0 = Debug|Any CPU
		{0045D932-3E73-4ED6-8513-EBDF7B307BF5}.Debug|x86.ActiveCfg = Debug|Any CPU
		{0045D932-3E73-4ED6-8513-EBDF7B307BF5}.Debug|x86.Build.0 = Debug|Any CPU
		{0045D932-3E73-4ED6-8513-EBDF7B307BF5}.Release|Any CPU.ActiveCfg = Release|Any CPU
		{0045D932-3E73-4ED6-8513-EBDF7B307BF5}.Release|Any CPU.Build.0 = Release|Any CPU
		{0045D932-3E73-4ED6-8513-EBDF7B307BF5}.Release|x64.ActiveCfg = Release|Any CPU
		{0045D932-3E73-4ED6-8513-EBDF7B307BF5}.Release|x64.Build.0 = Release|Any CPU
		{0045D932-3E73-4ED6-8513-EBDF7B307BF5}.Release|x86.ActiveCfg = Release|Any CPU
		{0045D932-3E73-4ED6-8513-EBDF7B307BF5}.Release|x86.Build.0 = Release|Any CPU
	EndGlobalSection
	GlobalSection(NestedProjects) = preSolution
		{B2743D19-4E7F-4BC3-A59C-64C0C018FD89} = {98EDF8E8-355B-4A85-8969-18A6223D212B}
		{0045D932-3E73-4ED6-8513-EBDF7B307BF5} = {98EDF8E8-355B-4A85-8969-18A6223D212B}
	EndGlobalSection
EndGlobal
